// !$*UTF8*$!
{
	archiveVersion = 1;
	classes = {
	};
	objectVersion = 46;
	objects = {

/* Begin PBXBuildFile section */
		F3026FA9202045A40050CBEF /* CTFrameParserConfig.swift in Sources */ = {isa = PBXBuildFile; fileRef = F3026FA8202045A40050CBEF /* CTFrameParserConfig.swift */; };
		F3026FAB202046850050CBEF /* CTFrameParser.swift in Sources */ = {isa = PBXBuildFile; fileRef = F3026FAA202046850050CBEF /* CTFrameParser.swift */; };
		F3026FAD202046C30050CBEF /* CoreTextData.swift in Sources */ = {isa = PBXBuildFile; fileRef = F3026FAC202046C30050CBEF /* CoreTextData.swift */; };
		F34A57002021B89C00D3B6C9 /* content.json in Resources */ = {isa = PBXBuildFile; fileRef = F34A56FF2021B89C00D3B6C9 /* content.json */; };
		F34A57022022AA6300D3B6C9 /* CoreTextImageData.swift in Sources */ = {isa = PBXBuildFile; fileRef = F34A57012022AA6300D3B6C9 /* CoreTextImageData.swift */; };
		F362F3DF2020571900DD63C6 /* UIView+frameAdjust.m in Sources */ = {isa = PBXBuildFile; fileRef = F362F3DE2020571900DD63C6 /* UIView+frameAdjust.m */; };
		F3C2964320201019007882C7 /* AppDelegate.swift in Sources */ = {isa = PBXBuildFile; fileRef = F3C2964220201019007882C7 /* AppDelegate.swift */; };
		F3C2964520201019007882C7 /* ViewController.swift in Sources */ = {isa = PBXBuildFile; fileRef = F3C2964420201019007882C7 /* ViewController.swift */; };
		F3C2964820201019007882C7 /* Main.storyboard in Resources */ = {isa = PBXBuildFile; fileRef = F3C2964620201019007882C7 /* Main.storyboard */; };
		F3C2964A20201019007882C7 /* Assets.xcassets in Resources */ = {isa = PBXBuildFile; fileRef = F3C2964920201019007882C7 /* Assets.xcassets */; };
		F3C2964D20201019007882C7 /* LaunchScreen.storyboard in Resources */ = {isa = PBXBuildFile; fileRef = F3C2964B20201019007882C7 /* LaunchScreen.storyboard */; };
		F3C296582020101A007882C7 /* CoreTextDemoTests.swift in Sources */ = {isa = PBXBuildFile; fileRef = F3C296572020101A007882C7 /* CoreTextDemoTests.swift */; };
		F3C296632020101A007882C7 /* CoreTextDemoUITests.swift in Sources */ = {isa = PBXBuildFile; fileRef = F3C296622020101A007882C7 /* CoreTextDemoUITests.swift */; };
		F3C296742020153A007882C7 /* CTDisplayView.swift in Sources */ = {isa = PBXBuildFile; fileRef = F3C296732020153A007882C7 /* CTDisplayView.swift */; };
		F3C2967720201666007882C7 /* CoreGraphics.framework in Frameworks */ = {isa = PBXBuildFile; fileRef = F3C2967620201666007882C7 /* CoreGraphics.framework */; };
		F3C2967920201670007882C7 /* CoreText.framework in Frameworks */ = {isa = PBXBuildFile; fileRef = F3C2967820201670007882C7 /* CoreText.framework */; };
		F3C2967B20201678007882C7 /* QuartzCore.framework in Frameworks */ = {isa = PBXBuildFile; fileRef = F3C2967A20201678007882C7 /* QuartzCore.framework */; };
/* End PBXBuildFile section */

/* Begin PBXContainerItemProxy section */
		F3C296542020101A007882C7 /* PBXContainerItemProxy */ = {
			isa = PBXContainerItemProxy;
			containerPortal = F3C2963720201019007882C7 /* Project object */;
			proxyType = 1;
			remoteGlobalIDString = F3C2963E20201019007882C7;
			remoteInfo = CoreTextDemo;
		};
		F3C2965F2020101A007882C7 /* PBXContainerItemProxy */ = {
			isa = PBXContainerItemProxy;
			containerPortal = F3C2963720201019007882C7 /* Project object */;
			proxyType = 1;
			remoteGlobalIDString = F3C2963E20201019007882C7;
			remoteInfo = CoreTextDemo;
		};
/* End PBXContainerItemProxy section */

/* Begin PBXFileReference section */
		F3026FA8202045A40050CBEF /* CTFrameParserConfig.swift */ = {isa = PBXFileReference; fileEncoding = 4; lastKnownFileType = sourcecode.swift; path = CTFrameParserConfig.swift; sourceTree = "<group>"; };
		F3026FAA202046850050CBEF /* CTFrameParser.swift */ = {isa = PBXFileReference; fileEncoding = 4; lastKnownFileType = sourcecode.swift; path = CTFrameParser.swift; sourceTree = "<group>"; };
		F3026FAC202046C30050CBEF /* CoreTextData.swift */ = {isa = PBXFileReference; fileEncoding = 4; lastKnownFileType = sourcecode.swift; path = CoreTextData.swift; sourceTree = "<group>"; };
		F34A56FF2021B89C00D3B6C9 /* content.json */ = {isa = PBXFileReference; fileEncoding = 4; lastKnownFileType = text.json; path = content.json; sourceTree = "<group>"; };
		F34A57012022AA6300D3B6C9 /* CoreTextImageData.swift */ = {isa = PBXFileReference; fileEncoding = 4; lastKnownFileType = sourcecode.swift; path = CoreTextImageData.swift; sourceTree = "<group>"; };
		F362F3DC2020571800DD63C6 /* CoreTextDemo-Bridging-Header.h */ = {isa = PBXFileReference; lastKnownFileType = sourcecode.c.h; path = "CoreTextDemo-Bridging-Header.h"; sourceTree = "<group>"; };
		F362F3DD2020571900DD63C6 /* UIView+frameAdjust.h */ = {isa = PBXFileReference; fileEncoding = 4; lastKnownFileType = sourcecode.c.h; path = "UIView+frameAdjust.h"; sourceTree = "<group>"; };
		F362F3DE2020571900DD63C6 /* UIView+frameAdjust.m */ = {isa = PBXFileReference; fileEncoding = 4; lastKnownFileType = sourcecode.c.objc; path = "UIView+frameAdjust.m"; sourceTree = "<group>"; };
		F3C2963F20201019007882C7 /* CoreTextDemo.app */ = {isa = PBXFileReference; explicitFileType = wrapper.application; includeInIndex = 0; path = CoreTextDemo.app; sourceTree = BUILT_PRODUCTS_DIR; };
		F3C2964220201019007882C7 /* AppDelegate.swift */ = {isa = PBXFileReference; lastKnownFileType = sourcecode.swift; path = AppDelegate.swift; sourceTree = "<group>"; };
		F3C2964420201019007882C7 /* ViewController.swift */ = {isa = PBXFileReference; lastKnownFileType = sourcecode.swift; path = ViewController.swift; sourceTree = "<group>"; };
		F3C2964720201019007882C7 /* Base */ = {isa = PBXFileReference; lastKnownFileType = file.storyboard; name = Base; path = Base.lproj/Main.storyboard; sourceTree = "<group>"; };
		F3C2964920201019007882C7 /* Assets.xcassets */ = {isa = PBXFileReference; lastKnownFileType = folder.assetcatalog; path = Assets.xcassets; sourceTree = "<group>"; };
		F3C2964C20201019007882C7 /* Base */ = {isa = PBXFileReference; lastKnownFileType = file.storyboard; name = Base; path = Base.lproj/LaunchScreen.storyboard; sourceTree = "<group>"; };
		F3C2964E20201019007882C7 /* Info.plist */ = {isa = PBXFileReference; lastKnownFileType = text.plist.xml; path = Info.plist; sourceTree = "<group>"; };
		F3C296532020101A007882C7 /* CoreTextDemoTests.xctest */ = {isa = PBXFileReference; explicitFileType = wrapper.cfbundle; includeInIndex = 0; path = CoreTextDemoTests.xctest; sourceTree = BUILT_PRODUCTS_DIR; };
		F3C296572020101A007882C7 /* CoreTextDemoTests.swift */ = {isa = PBXFileReference; lastKnownFileType = sourcecode.swift; path = CoreTextDemoTests.swift; sourceTree = "<group>"; };
		F3C296592020101A007882C7 /* Info.plist */ = {isa = PBXFileReference; lastKnownFileType = text.plist.xml; path = Info.plist; sourceTree = "<group>"; };
		F3C2965E2020101A007882C7 /* CoreTextDemoUITests.xctest */ = {isa = PBXFileReference; explicitFileType = wrapper.cfbundle; includeInIndex = 0; path = CoreTextDemoUITests.xctest; sourceTree = BUILT_PRODUCTS_DIR; };
		F3C296622020101A007882C7 /* CoreTextDemoUITests.swift */ = {isa = PBXFileReference; lastKnownFileType = sourcecode.swift; path = CoreTextDemoUITests.swift; sourceTree = "<group>"; };
		F3C296642020101A007882C7 /* Info.plist */ = {isa = PBXFileReference; lastKnownFileType = text.plist.xml; path = Info.plist; sourceTree = "<group>"; };
		F3C296732020153A007882C7 /* CTDisplayView.swift */ = {isa = PBXFileReference; fileEncoding = 4; lastKnownFileType = sourcecode.swift; path = CTDisplayView.swift; sourceTree = "<group>"; };
		F3C2967620201666007882C7 /* CoreGraphics.framework */ = {isa = PBXFileReference; lastKnownFileType = wrapper.framework; name = CoreGraphics.framework; path = System/Library/Frameworks/CoreGraphics.framework; sourceTree = SDKROOT; };
		F3C2967820201670007882C7 /* CoreText.framework */ = {isa = PBXFileReference; lastKnownFileType = wrapper.framework; name = CoreText.framework; path = System/Library/Frameworks/CoreText.framework; sourceTree = SDKROOT; };
		F3C2967A20201678007882C7 /* QuartzCore.framework */ = {isa = PBXFileReference; lastKnownFileType = wrapper.framework; name = QuartzCore.framework; path = System/Library/Frameworks/QuartzCore.framework; sourceTree = SDKROOT; };
/* End PBXFileReference section */

/* Begin PBXFrameworksBuildPhase section */
		F3C2963C20201019007882C7 /* Frameworks */ = {
			isa = PBXFrameworksBuildPhase;
			buildActionMask = 2147483647;
			files = (
				F3C2967B20201678007882C7 /* QuartzCore.framework in Frameworks */,
				F3C2967920201670007882C7 /* CoreText.framework in Frameworks */,
				F3C2967720201666007882C7 /* CoreGraphics.framework in Frameworks */,
			);
			runOnlyForDeploymentPostprocessing = 0;
		};
		F3C296502020101A007882C7 /* Frameworks */ = {
			isa = PBXFrameworksBuildPhase;
			buildActionMask = 2147483647;
			files = (
			);
			runOnlyForDeploymentPostprocessing = 0;
		};
		F3C2965B2020101A007882C7 /* Frameworks */ = {
			isa = PBXFrameworksBuildPhase;
			buildActionMask = 2147483647;
			files = (
			);
			runOnlyForDeploymentPostprocessing = 0;
		};
/* End PBXFrameworksBuildPhase section */

/* Begin PBXGroup section */
		F3C2963620201019007882C7 = {
			isa = PBXGroup;
			children = (
				F3C2964120201019007882C7 /* CoreTextDemo */,
				F3C296562020101A007882C7 /* CoreTextDemoTests */,
				F3C296612020101A007882C7 /* CoreTextDemoUITests */,
				F3C2964020201019007882C7 /* Products */,
				F3C2967520201666007882C7 /* Frameworks */,
			);
			sourceTree = "<group>";
		};
		F3C2964020201019007882C7 /* Products */ = {
			isa = PBXGroup;
			children = (
				F3C2963F20201019007882C7 /* CoreTextDemo.app */,
				F3C296532020101A007882C7 /* CoreTextDemoTests.xctest */,
				F3C2965E2020101A007882C7 /* CoreTextDemoUITests.xctest */,
			);
			name = Products;
			sourceTree = "<group>";
		};
		F3C2964120201019007882C7 /* CoreTextDemo */ = {
			isa = PBXGroup;
			children = (
				F3C2967020201510007882C7 /* Controllers */,
				F3C2967120201510007882C7 /* Models */,
				F3C2967220201510007882C7 /* Views */,
				F3C2964220201019007882C7 /* AppDelegate.swift */,
				F3C2964420201019007882C7 /* ViewController.swift */,
				F3C2964620201019007882C7 /* Main.storyboard */,
				F3C2964920201019007882C7 /* Assets.xcassets */,
				F3C2964B20201019007882C7 /* LaunchScreen.storyboard */,
				F3C2964E20201019007882C7 /* Info.plist */,
				F34A56FF2021B89C00D3B6C9 /* content.json */,
			);
			path = CoreTextDemo;
			sourceTree = "<group>";
		};
		F3C296562020101A007882C7 /* CoreTextDemoTests */ = {
			isa = PBXGroup;
			children = (
				F3C296572020101A007882C7 /* CoreTextDemoTests.swift */,
				F3C296592020101A007882C7 /* Info.plist */,
			);
			path = CoreTextDemoTests;
			sourceTree = "<group>";
		};
		F3C296612020101A007882C7 /* CoreTextDemoUITests */ = {
			isa = PBXGroup;
			children = (
				F3C296622020101A007882C7 /* CoreTextDemoUITests.swift */,
				F3C296642020101A007882C7 /* Info.plist */,
			);
			path = CoreTextDemoUITests;
			sourceTree = "<group>";
		};
		F3C2967020201510007882C7 /* Controllers */ = {
			isa = PBXGroup;
			children = (
			);
			path = Controllers;
			sourceTree = "<group>";
		};
		F3C2967120201510007882C7 /* Models */ = {
			isa = PBXGroup;
			children = (
				F3026FA8202045A40050CBEF /* CTFrameParserConfig.swift */,
				F34A57012022AA6300D3B6C9 /* CoreTextImageData.swift */,
				F3026FAA202046850050CBEF /* CTFrameParser.swift */,
				F3026FAC202046C30050CBEF /* CoreTextData.swift */,
			);
			path = Models;
			sourceTree = "<group>";
		};
		F3C2967220201510007882C7 /* Views */ = {
			isa = PBXGroup;
			children = (
				F362F3DD2020571900DD63C6 /* UIView+frameAdjust.h */,
				F362F3DE2020571900DD63C6 /* UIView+frameAdjust.m */,
				F3C296732020153A007882C7 /* CTDisplayView.swift */,
				F362F3DC2020571800DD63C6 /* CoreTextDemo-Bridging-Header.h */,
			);
			path = Views;
			sourceTree = "<group>";
		};
		F3C2967520201666007882C7 /* Frameworks */ = {
			isa = PBXGroup;
			children = (
				F3C2967A20201678007882C7 /* QuartzCore.framework */,
				F3C2967820201670007882C7 /* CoreText.framework */,
				F3C2967620201666007882C7 /* CoreGraphics.framework */,
			);
			name = Frameworks;
			sourceTree = "<group>";
		};
/* End PBXGroup section */

/* Begin PBXNativeTarget section */
		F3C2963E20201019007882C7 /* CoreTextDemo */ = {
			isa = PBXNativeTarget;
			buildConfigurationList = F3C296672020101A007882C7 /* Build configuration list for PBXNativeTarget "CoreTextDemo" */;
			buildPhases = (
				F3C2963B20201019007882C7 /* Sources */,
				F3C2963C20201019007882C7 /* Frameworks */,
				F3C2963D20201019007882C7 /* Resources */,
			);
			buildRules = (
			);
			dependencies = (
			);
			name = CoreTextDemo;
			productName = CoreTextDemo;
			productReference = F3C2963F20201019007882C7 /* CoreTextDemo.app */;
			productType = "com.apple.product-type.application";
		};
		F3C296522020101A007882C7 /* CoreTextDemoTests */ = {
			isa = PBXNativeTarget;
			buildConfigurationList = F3C2966A2020101A007882C7 /* Build configuration list for PBXNativeTarget "CoreTextDemoTests" */;
			buildPhases = (
				F3C2964F2020101A007882C7 /* Sources */,
				F3C296502020101A007882C7 /* Frameworks */,
				F3C296512020101A007882C7 /* Resources */,
			);
			buildRules = (
			);
			dependencies = (
				F3C296552020101A007882C7 /* PBXTargetDependency */,
			);
			name = CoreTextDemoTests;
			productName = CoreTextDemoTests;
			productReference = F3C296532020101A007882C7 /* CoreTextDemoTests.xctest */;
			productType = "com.apple.product-type.bundle.unit-test";
		};
		F3C2965D2020101A007882C7 /* CoreTextDemoUITests */ = {
			isa = PBXNativeTarget;
			buildConfigurationList = F3C2966D2020101A007882C7 /* Build configuration list for PBXNativeTarget "CoreTextDemoUITests" */;
			buildPhases = (
				F3C2965A2020101A007882C7 /* Sources */,
				F3C2965B2020101A007882C7 /* Frameworks */,
				F3C2965C2020101A007882C7 /* Resources */,
			);
			buildRules = (
			);
			dependencies = (
				F3C296602020101A007882C7 /* PBXTargetDependency */,
			);
			name = CoreTextDemoUITests;
			productName = CoreTextDemoUITests;
			productReference = F3C2965E2020101A007882C7 /* CoreTextDemoUITests.xctest */;
			productType = "com.apple.product-type.bundle.ui-testing";
		};
/* End PBXNativeTarget section */

/* Begin PBXProject section */
		F3C2963720201019007882C7 /* Project object */ = {
			isa = PBXProject;
			attributes = {
				LastSwiftUpdateCheck = 0820;
				LastUpgradeCheck = 0820;
				ORGANIZATIONNAME = ke.li;
				TargetAttributes = {
					F3C2963E20201019007882C7 = {
						CreatedOnToolsVersion = 8.2.1;
						DevelopmentTeam = VRGS6G42JR;
						LastSwiftMigration = 0820;
						ProvisioningStyle = Automatic;
					};
					F3C296522020101A007882C7 = {
						CreatedOnToolsVersion = 8.2.1;
						DevelopmentTeam = K775G7S2W4;
						ProvisioningStyle = Automatic;
						TestTargetID = F3C2963E20201019007882C7;
					};
					F3C2965D2020101A007882C7 = {
						CreatedOnToolsVersion = 8.2.1;
						DevelopmentTeam = K775G7S2W4;
						ProvisioningStyle = Automatic;
						TestTargetID = F3C2963E20201019007882C7;
					};
				};
			};
			buildConfigurationList = F3C2963A20201019007882C7 /* Build configuration list for PBXProject "CoreTextDemo" */;
			compatibilityVersion = "Xcode 3.2";
			developmentRegion = English;
			hasScannedForEncodings = 0;
			knownRegions = (
				en,
				Base,
			);
			mainGroup = F3C2963620201019007882C7;
			productRefGroup = F3C2964020201019007882C7 /* Products */;
			projectDirPath = "";
			projectRoot = "";
			targets = (
				F3C2963E20201019007882C7 /* CoreTextDemo */,
				F3C296522020101A007882C7 /* CoreTextDemoTests */,
				F3C2965D2020101A007882C7 /* CoreTextDemoUITests */,
			);
		};
/* End PBXProject section */

/* Begin PBXResourcesBuildPhase section */
		F3C2963D20201019007882C7 /* Resources */ = {
			isa = PBXResourcesBuildPhase;
			buildActionMask = 2147483647;
			files = (
				F3C2964D20201019007882C7 /* LaunchScreen.storyboard in Resources */,
				F3C2964A20201019007882C7 /* Assets.xcassets in Resources */,
				F3C2964820201019007882C7 /* Main.storyboard in Resources */,
				F34A57002021B89C00D3B6C9 /* content.json in Resources */,
			);
			runOnlyForDeploymentPostprocessing = 0;
		};
		F3C296512020101A007882C7 /* Resources */ = {
			isa = PBXResourcesBuildPhase;
			buildActionMask = 2147483647;
			files = (
			);
			runOnlyForDeploymentPostprocessing = 0;
		};
		F3C2965C2020101A007882C7 /* Resources */ = {
			isa = PBXResourcesBuildPhase;
			buildActionMask = 2147483647;
			files = (
			);
			runOnlyForDeploymentPostprocessing = 0;
		};
/* End PBXResourcesBuildPhase section */

/* Begin PBXSourcesBuildPhase section */
		F3C2963B20201019007882C7 /* Sources */ = {
			isa = PBXSourcesBuildPhase;
			buildActionMask = 2147483647;
			files = (
				F3C2964520201019007882C7 /* ViewController.swift in Sources */,
				F362F3DF2020571900DD63C6 /* UIView+frameAdjust.m in Sources */,
				F3026FA9202045A40050CBEF /* CTFrameParserConfig.swift in Sources */,
				F3C2964320201019007882C7 /* AppDelegate.swift in Sources */,
				F3026FAB202046850050CBEF /* CTFrameParser.swift in Sources */,
				F34A57022022AA6300D3B6C9 /* CoreTextImageData.swift in Sources */,
				F3C296742020153A007882C7 /* CTDisplayView.swift in Sources */,
				F3026FAD202046C30050CBEF /* CoreTextData.swift in Sources */,
			);
			runOnlyForDeploymentPostprocessing = 0;
		};
		F3C2964F2020101A007882C7 /* Sources */ = {
			isa = PBXSourcesBuildPhase;
			buildActionMask = 2147483647;
			files = (
				F3C296582020101A007882C7 /* CoreTextDemoTests.swift in Sources */,
			);
			runOnlyForDeploymentPostprocessing = 0;
		};
		F3C2965A2020101A007882C7 /* Sources */ = {
			isa = PBXSourcesBuildPhase;
			buildActionMask = 2147483647;
			files = (
				F3C296632020101A007882C7 /* CoreTextDemoUITests.swift in Sources */,
			);
			runOnlyForDeploymentPostprocessing = 0;
		};
/* End PBXSourcesBuildPhase section */

/* Begin PBXTargetDependency section */
		F3C296552020101A007882C7 /* PBXTargetDependency */ = {
			isa = PBXTargetDependency;
			target = F3C2963E20201019007882C7 /* CoreTextDemo */;
			targetProxy = F3C296542020101A007882C7 /* PBXContainerItemProxy */;
		};
		F3C296602020101A007882C7 /* PBXTargetDependency */ = {
			isa = PBXTargetDependency;
			target = F3C2963E20201019007882C7 /* CoreTextDemo */;
			targetProxy = F3C2965F2020101A007882C7 /* PBXContainerItemProxy */;
		};
/* End PBXTargetDependency section */

/* Begin PBXVariantGroup section */
		F3C2964620201019007882C7 /* Main.storyboard */ = {
			isa = PBXVariantGroup;
			children = (
				F3C2964720201019007882C7 /* Base */,
			);
			name = Main.storyboard;
			sourceTree = "<group>";
		};
		F3C2964B20201019007882C7 /* LaunchScreen.storyboard */ = {
			isa = PBXVariantGroup;
			children = (
				F3C2964C20201019007882C7 /* Base */,
			);
			name = LaunchScreen.storyboard;
			sourceTree = "<group>";
		};
/* End PBXVariantGroup section */

/* Begin XCBuildConfiguration section */
		F3C296652020101A007882C7 /* Debug */ = {
			isa = XCBuildConfiguration;
			buildSettings = {
				ALWAYS_SEARCH_USER_PATHS = NO;
				CLANG_ANALYZER_NONNULL = YES;
				CLANG_CXX_LANGUAGE_STANDARD = "gnu++0x";
				CLANG_CXX_LIBRARY = "libc++";
				CLANG_ENABLE_MODULES = YES;
				CLANG_ENABLE_OBJC_ARC = YES;
				CLANG_WARN_BOOL_CONVERSION = YES;
				CLANG_WARN_CONSTANT_CONVERSION = YES;
				CLANG_WARN_DIRECT_OBJC_ISA_USAGE = YES_ERROR;
				CLANG_WARN_DOCUMENTATION_COMMENTS = YES;
				CLANG_WARN_EMPTY_BODY = YES;
				CLANG_WARN_ENUM_CONVERSION = YES;
				CLANG_WARN_INFINITE_RECURSION = YES;
				CLANG_WARN_INT_CONVERSION = YES;
				CLANG_WARN_OBJC_ROOT_CLASS = YES_ERROR;
				CLANG_WARN_SUSPICIOUS_MOVE = YES;
				CLANG_WARN_UNREACHABLE_CODE = YES;
				CLANG_WARN__DUPLICATE_METHOD_MATCH = YES;
				"CODE_SIGN_IDENTITY[sdk=iphoneos*]" = "iPhone Developer";
				COPY_PHASE_STRIP = NO;
				DEBUG_INFORMATION_FORMAT = dwarf;
				ENABLE_STRICT_OBJC_MSGSEND = YES;
				ENABLE_TESTABILITY = YES;
				GCC_C_LANGUAGE_STANDARD = gnu99;
				GCC_DYNAMIC_NO_PIC = NO;
				GCC_NO_COMMON_BLOCKS = YES;
				GCC_OPTIMIZATION_LEVEL = 0;
				GCC_PREPROCESSOR_DEFINITIONS = (
					"DEBUG=1",
					"$(inherited)",
				);
				GCC_WARN_64_TO_32_BIT_CONVERSION = YES;
				GCC_WARN_ABOUT_RETURN_TYPE = YES_ERROR;
				GCC_WARN_UNDECLARED_SELECTOR = YES;
				GCC_WARN_UNINITIALIZED_AUTOS = YES_AGGRESSIVE;
				GCC_WARN_UNUSED_FUNCTION = YES;
				GCC_WARN_UNUSED_VARIABLE = YES;
				IPHONEOS_DEPLOYMENT_TARGET = 10.2;
				MTL_ENABLE_DEBUG_INFO = YES;
				ONLY_ACTIVE_ARCH = YES;
				SDKROOT = iphoneos;
				SWIFT_ACTIVE_COMPILATION_CONDITIONS = DEBUG;
				SWIFT_OPTIMIZATION_LEVEL = "-Onone";
				TARGETED_DEVICE_FAMILY = "1,2";
			};
			name = Debug;
		};
		F3C296662020101A007882C7 /* Release */ = {
			isa = XCBuildConfiguration;
			buildSettings = {
				ALWAYS_SEARCH_USER_PATHS = NO;
				CLANG_ANALYZER_NONNULL = YES;
				CLANG_CXX_LANGUAGE_STANDARD = "gnu++0x";
				CLANG_CXX_LIBRARY = "libc++";
				CLANG_ENABLE_MODULES = YES;
				CLANG_ENABLE_OBJC_ARC = YES;
				CLANG_WARN_BOOL_CONVERSION = YES;
				CLANG_WARN_CONSTANT_CONVERSION = YES;
				CLANG_WARN_DIRECT_OBJC_ISA_USAGE = YES_ERROR;
				CLANG_WARN_DOCUMENTATION_COMMENTS = YES;
				CLANG_WARN_EMPTY_BODY = YES;
				CLANG_WARN_ENUM_CONVERSION = YES;
				CLANG_WARN_INFINITE_RECURSION = YES;
				CLANG_WARN_INT_CONVERSION = YES;
				CLANG_WARN_OBJC_ROOT_CLASS = YES_ERROR;
				CLANG_WARN_SUSPICIOUS_MOVE = YES;
				CLANG_WARN_UNREACHABLE_CODE = YES;
				CLANG_WARN__DUPLICATE_METHOD_MATCH = YES;
				"CODE_SIGN_IDENTITY[sdk=iphoneos*]" = "iPhone Developer";
				COPY_PHASE_STRIP = NO;
				DEBUG_INFORMATION_FORMAT = "dwarf-with-dsym";
				ENABLE_NS_ASSERTIONS = NO;
				ENABLE_STRICT_OBJC_MSGSEND = YES;
				GCC_C_LANGUAGE_STANDARD = gnu99;
				GCC_NO_COMMON_BLOCKS = YES;
				GCC_WARN_64_TO_32_BIT_CONVERSION = YES;
				GCC_WARN_ABOUT_RETURN_TYPE = YES_ERROR;
				GCC_WARN_UNDECLARED_SELECTOR = YES;
				GCC_WARN_UNINITIALIZED_AUTOS = YES_AGGRESSIVE;
				GCC_WARN_UNUSED_FUNCTION = YES;
				GCC_WARN_UNUSED_VARIABLE = YES;
				IPHONEOS_DEPLOYMENT_TARGET = 10.2;
				MTL_ENABLE_DEBUG_INFO = NO;
				SDKROOT = iphoneos;
				SWIFT_OPTIMIZATION_LEVEL = "-Owholemodule";
				TARGETED_DEVICE_FAMILY = "1,2";
				VALIDATE_PRODUCT = YES;
			};
			name = Release;
		};
		F3C296682020101A007882C7 /* Debug */ = {
			isa = XCBuildConfiguration;
			buildSettings = {
				ASSETCATALOG_COMPILER_APPICON_NAME = AppIcon;
				CLANG_ENABLE_MODULES = YES;
				"CODE_SIGN_IDENTITY[sdk=iphoneos*]" = "iPhone Developer";
				DEFINES_MODULE = YES;
				DEVELOPMENT_TEAM = VRGS6G42JR;
				INFOPLIST_FILE = CoreTextDemo/Info.plist;
				LD_RUNPATH_SEARCH_PATHS = "$(inherited) @executable_path/Frameworks";
				PRODUCT_BUNDLE_IDENTIFIER = com.cmcm..CoreTextDemo;
				PRODUCT_NAME = "$(TARGET_NAME)";
				SWIFT_OBJC_BRIDGING_HEADER = "CoreTextDemo/Views/CoreTextDemo-Bridging-Header.h";
				SWIFT_OPTIMIZATION_LEVEL = "-Onone";
				SWIFT_VERSION = 3.0;
			};
			name = Debug;
		};
		F3C296692020101A007882C7 /* Release */ = {
			isa = XCBuildConfiguration;
			buildSettings = {
				ASSETCATALOG_COMPILER_APPICON_NAME = AppIcon;
				CLANG_ENABLE_MODULES = YES;
				"CODE_SIGN_IDENTITY[sdk=iphoneos*]" = "iPhone Developer";
				DEFINES_MODULE = YES;
				DEVELOPMENT_TEAM = VRGS6G42JR;
				INFOPLIST_FILE = CoreTextDemo/Info.plist;
				LD_RUNPATH_SEARCH_PATHS = "$(inherited) @executable_path/Frameworks";
				PRODUCT_BUNDLE_IDENTIFIER = com.cmcm..CoreTextDemo;
				PRODUCT_NAME = "$(TARGET_NAME)";
				SWIFT_OBJC_BRIDGING_HEADER = "CoreTextDemo/Views/CoreTextDemo-Bridging-Header.h";
				SWIFT_VERSION = 3.0;
			};
			name = Release;
		};
		F3C2966B2020101A007882C7 /* Debug */ = {
			isa = XCBuildConfiguration;
			buildSettings = {
				ALWAYS_EMBED_SWIFT_STANDARD_LIBRARIES = YES;
				BUNDLE_LOADER = "$(TEST_HOST)";
				DEVELOPMENT_TEAM = K775G7S2W4;
				INFOPLIST_FILE = CoreTextDemoTests/Info.plist;
				LD_RUNPATH_SEARCH_PATHS = "$(inherited) @executable_path/Frameworks @loader_path/Frameworks";
				PRODUCT_BUNDLE_IDENTIFIER = com.cmcm..CoreTextDemoTests;
				PRODUCT_NAME = "$(TARGET_NAME)";
				SWIFT_VERSION = 3.0;
				TEST_HOST = "$(BUILT_PRODUCTS_DIR)/CoreTextDemo.app/CoreTextDemo";
			};
			name = Debug;
		};
		F3C2966C2020101A007882C7 /* Release */ = {
			isa = XCBuildConfiguration;
			buildSettings = {
				ALWAYS_EMBED_SWIFT_STANDARD_LIBRARIES = YES;
				BUNDLE_LOADER = "$(TEST_HOST)";
				DEVELOPMENT_TEAM = K775G7S2W4;
				INFOPLIST_FILE = CoreTextDemoTests/Info.plist;
				LD_RUNPATH_SEARCH_PATHS = "$(inherited) @executable_path/Frameworks @loader_path/Frameworks";
				PRODUCT_BUNDLE_IDENTIFIER = com.cmcm..CoreTextDemoTests;
				PRODUCT_NAME = "$(TARGET_NAME)";
				SWIFT_VERSION = 3.0;
				TEST_HOST = "$(BUILT_PRODUCTS_DIR)/CoreTextDemo.app/CoreTextDemo";
			};
			name = Release;
		};
		F3C2966E2020101A007882C7 /* Debug */ = {
			isa = XCBuildConfiguration;
			buildSettings = {
				ALWAYS_EMBED_SWIFT_STANDARD_LIBRARIES = YES;
				DEVELOPMENT_TEAM = K775G7S2W4;
				INFOPLIST_FILE = CoreTextDemoUITests/Info.plist;
				LD_RUNPATH_SEARCH_PATHS = "$(inherited) @executable_path/Frameworks @loader_path/Frameworks";
				PRODUCT_BUNDLE_IDENTIFIER = com.cmcm..CoreTextDemoUITests;
				PRODUCT_NAME = "$(TARGET_NAME)";
				SWIFT_VERSION = 3.0;
				TEST_TARGET_NAME = CoreTextDemo;
			};
			name = Debug;
		};
		F3C2966F2020101A007882C7 /* Release */ = {
			isa = XCBuildConfiguration;
			buildSettings = {
				ALWAYS_EMBED_SWIFT_STANDARD_LIBRARIES = YES;
				DEVELOPMENT_TEAM = K775G7S2W4;
				INFOPLIST_FILE = CoreTextDemoUITests/Info.plist;
				LD_RUNPATH_SEARCH_PATHS = "$(inherited) @executable_path/Frameworks @loader_path/Frameworks";
				PRODUCT_BUNDLE_IDENTIFIER = com.cmcm..CoreTextDemoUITests;
				PRODUCT_NAME = "$(TARGET_NAME)";
				SWIFT_VERSION = 3.0;
				TEST_TARGET_NAME = CoreTextDemo;
			};
			name = Release;
		};
/* End XCBuildConfiguration section */

/* Begin XCConfigurationList section */
		F3C2963A20201019007882C7 /* Build configuration list for PBXProject "CoreTextDemo" */ = {
			isa = XCConfigurationList;
			buildConfigurations = (
				F3C296652020101A007882C7 /* Debug */,
				F3C296662020101A007882C7 /* Release */,
			);
			defaultConfigurationIsVisible = 0;
			defaultConfigurationName = Release;
		};
		F3C296672020101A007882C7 /* Build configuration list for PBXNativeTarget "CoreTextDemo" */ = {
			isa = XCConfigurationList;
			buildConfigurations = (
				F3C296682020101A007882C7 /* Debug */,
				F3C296692020101A007882C7 /* Release */,
			);
			defaultConfigurationIsVisible = 0;
			defaultConfigurationName = Release;
		};
		F3C2966A2020101A007882C7 /* Build configuration list for PBXNativeTarget "CoreTextDemoTests" */ = {
			isa = XCConfigurationList;
			buildConfigurations = (
				F3C2966B2020101A007882C7 /* Debug */,
				F3C2966C2020101A007882C7 /* Release */,
			);
			defaultConfigurationIsVisible = 0;
			defaultConfigurationName = Release;
		};
		F3C2966D2020101A007882C7 /* Build configuration list for PBXNativeTarget "CoreTextDemoUITests" */ = {
			isa = XCConfigurationList;
			buildConfigurations = (
				F3C2966E2020101A007882C7 /* Debug */,
				F3C2966F2020101A007882C7 /* Release */,
			);
			defaultConfigurationIsVisible = 0;
			defaultConfigurationName = Release;
		};
/* End XCConfigurationList section */
	};
	rootObject = F3C2963720201019007882C7 /* Project object */;
}
